
Microsoft Visual Studio Solution File, Format Version 12.00
# Visual Studio Version 17
VisualStudioVersion = 17.3.32929.385
MinimumVisualStudioVersion = 10.0.40219.1
Project("{FAE04EC0-301F-11D3-BF4B-00C04F79EFBC}") = "АвторизацияБД", "АвторизацияБД\АвторизацияБД.csproj", "{D03FF9E8-F7D2-432F-9B53-53AA4F87D964}"
EndProject
Global
	GlobalSection(SolutionConfigurationPlatforms) = preSolution
		Debug|Any CPU = Debug|Any CPU
		Release|Any CPU = Release|Any CPU
	EndGlobalSection
	GlobalSection(ProjectConfigurationPlatforms) = postSolution
		{D03FF9E8-F7D2-432F-9B53-53AA4F87D964}.Debug|Any CPU.ActiveCfg = Debug|Any CPU
		{D03FF9E8-F7D2-432F-9B53-53AA4F87D964}.Debug|Any CPU.Build.0 = Debug|Any CPU
		{D03FF9E8-F7D2-432F-9B53-53AA4F87D964}.Release|Any CPU.ActiveCfg = Release|Any CPU
		{D03FF9E8-F7D2-432F-9B53-53AA4F87D964}.Release|Any CPU.Build.0 = Release|Any CPU
	EndGlobalSection
	GlobalSection(SolutionProperties) = preSolution
		HideSolutionNode = FALSE
	EndGlobalSection
	GlobalSection(ExtensibilityGlobals) = postSolution
		SolutionGuid = {AEA7400B-4F07-4CEF-98D2-1B244A17B21F}
	EndGlobalSection
EndGlobal
